
Microsoft Visual Studio Solution File, Format Version 12.00
# Visual Studio 15
VisualStudioVersion = 15.0.27729.1
MinimumVisualStudioVersion = 10.0.40219.1
Project("{FAE04EC0-301F-11D3-BF4B-00C04F79EFBC}") = "NFSystems.Extensions", "NFSystems.Extensions\NFSystems.Extensions.csproj", "{FDB4C95B-1AB3-4927-8F4F-38D839E88638}"
EndProject
Project("{FAE04EC0-301F-11D3-BF4B-00C04F79EFBC}") = "NFSystems.Extensions.Tests", "NFSystems.Extensions.Tests\NFSystems.Extensions.Tests.csproj", "{25F8B072-75C6-41BA-A3AD-4DC3032772B0}"
EndProject
Global
	GlobalSection(SolutionConfigurationPlatforms) = preSolution
		Debug|Any CPU = Debug|Any CPU
		Release|Any CPU = Release|Any CPU
	EndGlobalSection
	GlobalSection(ProjectConfigurationPlatforms) = postSolution
		{FDB4C95B-1AB3-4927-8F4F-38D839E88638}.Debug|Any CPU.ActiveCfg = Debug|Any CPU
		{FDB4C95B-1AB3-4927-8F4F-38D839E88638}.Debug|Any CPU.Build.0 = Debug|Any CPU
		{FDB4C95B-1AB3-4927-8F4F-38D839E88638}.Release|Any CPU.ActiveCfg = Release|Any CPU
		{FDB4C95B-1AB3-4927-8F4F-38D839E88638}.Release|Any CPU.Build.0 = Release|Any CPU
		{25F8B072-75C6-41BA-A3AD-4DC3032772B0}.Debug|Any CPU.ActiveCfg = Debug|Any CPU
		{25F8B072-75C6-41BA-A3AD-4DC3032772B0}.Debug|Any CPU.Build.0 = Debug|Any CPU
		{25F8B072-75C6-41BA-A3AD-4DC3032772B0}.Release|Any CPU.ActiveCfg = Release|Any CPU
		{25F8B072-75C6-41BA-A3AD-4DC3032772B0}.Release|Any CPU.Build.0 = Release|Any CPU
	EndGlobalSection
	GlobalSection(SolutionProperties) = preSolution
		HideSolutionNode = FALSE
	EndGlobalSection
	GlobalSection(ExtensibilityGlobals) = postSolution
		SolutionGuid = {E04A40E9-E8BA-4A35-8754-C452E8BED4BD}
	EndGlobalSection
EndGlobal
